// !$*UTF8*$!
{
	archiveVersion = 1;
	classes = {
	};
	objectVersion = 51;
	objects = {

/* Begin PBXBuildFile section */
		4919195624B4EF10008B7E6F /* Movie.m in Sources */ = {isa = PBXBuildFile; fileRef = 4919195524B4EF10008B7E6F /* Movie.m */; };
		4919195A24B51509008B7E6F /* HomeTableViewController.m in Sources */ = {isa = PBXBuildFile; fileRef = 4919195924B51509008B7E6F /* HomeTableViewController.m */; };
		4919195D24B51549008B7E6F /* HomePresenter.m in Sources */ = {isa = PBXBuildFile; fileRef = 4919195C24B51549008B7E6F /* HomePresenter.m */; };
		4919196124B539A1008B7E6F /* MovieCategoryTableViewCell.m in Sources */ = {isa = PBXBuildFile; fileRef = 4919196024B539A1008B7E6F /* MovieCategoryTableViewCell.m */; };
		4919196424B54526008B7E6F /* MovieCollectionViewCell.m in Sources */ = {isa = PBXBuildFile; fileRef = 4919196324B54526008B7E6F /* MovieCollectionViewCell.m */; };
		496C4EEA24C7881300570B2B /* DetailViewController.m in Sources */ = {isa = PBXBuildFile; fileRef = 496C4EE924C7881300570B2B /* DetailViewController.m */; };
		496C4EED24C7B23F00570B2B /* NavigationHelper.m in Sources */ = {isa = PBXBuildFile; fileRef = 496C4EEC24C7B23F00570B2B /* NavigationHelper.m */; };
		496C4EF124C7D3A500570B2B /* Constants.m in Sources */ = {isa = PBXBuildFile; fileRef = 496C4EF024C7D3A500570B2B /* Constants.m */; };
		498D39BC24B25D9400C18CCD /* AppDelegate.m in Sources */ = {isa = PBXBuildFile; fileRef = 498D39BB24B25D9400C18CCD /* AppDelegate.m */; };
		498D39BF24B25D9400C18CCD /* SceneDelegate.m in Sources */ = {isa = PBXBuildFile; fileRef = 498D39BE24B25D9400C18CCD /* SceneDelegate.m */; };
		498D39C524B25D9400C18CCD /* Main.storyboard in Resources */ = {isa = PBXBuildFile; fileRef = 498D39C324B25D9400C18CCD /* Main.storyboard */; };
		498D39C724B25D9900C18CCD /* Assets.xcassets in Resources */ = {isa = PBXBuildFile; fileRef = 498D39C624B25D9900C18CCD /* Assets.xcassets */; };
		498D39CA24B25D9900C18CCD /* LaunchScreen.storyboard in Resources */ = {isa = PBXBuildFile; fileRef = 498D39C824B25D9900C18CCD /* LaunchScreen.storyboard */; };
		498D39CD24B25D9900C18CCD /* main.m in Sources */ = {isa = PBXBuildFile; fileRef = 498D39CC24B25D9900C18CCD /* main.m */; };
		510771DA8A9A447477E4D657 /* Pods_MeetFlix.framework in Frameworks */ = {isa = PBXBuildFile; fileRef = D490ABE6F29BD4B9A65A043C /* Pods_MeetFlix.framework */; };
/* End PBXBuildFile section */

/* Begin PBXFileReference section */
		4919195424B4EF10008B7E6F /* Movie.h */ = {isa = PBXFileReference; lastKnownFileType = sourcecode.c.h; path = Movie.h; sourceTree = "<group>"; };
		4919195524B4EF10008B7E6F /* Movie.m */ = {isa = PBXFileReference; lastKnownFileType = sourcecode.c.objc; path = Movie.m; sourceTree = "<group>"; };
		4919195824B51509008B7E6F /* HomeTableViewController.h */ = {isa = PBXFileReference; lastKnownFileType = sourcecode.c.h; path = HomeTableViewController.h; sourceTree = "<group>"; };
		4919195924B51509008B7E6F /* HomeTableViewController.m */ = {isa = PBXFileReference; lastKnownFileType = sourcecode.c.objc; path = HomeTableViewController.m; sourceTree = "<group>"; };
		4919195B24B51549008B7E6F /* HomePresenter.h */ = {isa = PBXFileReference; lastKnownFileType = sourcecode.c.h; path = HomePresenter.h; sourceTree = "<group>"; };
		4919195C24B51549008B7E6F /* HomePresenter.m */ = {isa = PBXFileReference; lastKnownFileType = sourcecode.c.objc; path = HomePresenter.m; sourceTree = "<group>"; };
		4919195F24B539A1008B7E6F /* MovieCategoryTableViewCell.h */ = {isa = PBXFileReference; lastKnownFileType = sourcecode.c.h; path = MovieCategoryTableViewCell.h; sourceTree = "<group>"; };
		4919196024B539A1008B7E6F /* MovieCategoryTableViewCell.m */ = {isa = PBXFileReference; lastKnownFileType = sourcecode.c.objc; path = MovieCategoryTableViewCell.m; sourceTree = "<group>"; };
		4919196224B54526008B7E6F /* MovieCollectionViewCell.h */ = {isa = PBXFileReference; lastKnownFileType = sourcecode.c.h; path = MovieCollectionViewCell.h; sourceTree = "<group>"; };
		4919196324B54526008B7E6F /* MovieCollectionViewCell.m */ = {isa = PBXFileReference; lastKnownFileType = sourcecode.c.objc; path = MovieCollectionViewCell.m; sourceTree = "<group>"; };
		496C4EE824C7881300570B2B /* DetailViewController.h */ = {isa = PBXFileReference; lastKnownFileType = sourcecode.c.h; path = DetailViewController.h; sourceTree = "<group>"; };
		496C4EE924C7881300570B2B /* DetailViewController.m */ = {isa = PBXFileReference; lastKnownFileType = sourcecode.c.objc; path = DetailViewController.m; sourceTree = "<group>"; };
		496C4EEB24C7B23F00570B2B /* NavigationHelper.h */ = {isa = PBXFileReference; lastKnownFileType = sourcecode.c.h; path = NavigationHelper.h; sourceTree = "<group>"; };
		496C4EEC24C7B23F00570B2B /* NavigationHelper.m */ = {isa = PBXFileReference; lastKnownFileType = sourcecode.c.objc; path = NavigationHelper.m; sourceTree = "<group>"; };
		496C4EEF24C7D3A500570B2B /* Constants.h */ = {isa = PBXFileReference; lastKnownFileType = sourcecode.c.h; path = Constants.h; sourceTree = "<group>"; };
		496C4EF024C7D3A500570B2B /* Constants.m */ = {isa = PBXFileReference; lastKnownFileType = sourcecode.c.objc; path = Constants.m; sourceTree = "<group>"; };
		498D39B724B25D9400C18CCD /* MeetFlix.app */ = {isa = PBXFileReference; explicitFileType = wrapper.application; includeInIndex = 0; path = MeetFlix.app; sourceTree = BUILT_PRODUCTS_DIR; };
		498D39BA24B25D9400C18CCD /* AppDelegate.h */ = {isa = PBXFileReference; lastKnownFileType = sourcecode.c.h; path = AppDelegate.h; sourceTree = "<group>"; };
		498D39BB24B25D9400C18CCD /* AppDelegate.m */ = {isa = PBXFileReference; lastKnownFileType = sourcecode.c.objc; path = AppDelegate.m; sourceTree = "<group>"; };
		498D39BD24B25D9400C18CCD /* SceneDelegate.h */ = {isa = PBXFileReference; lastKnownFileType = sourcecode.c.h; path = SceneDelegate.h; sourceTree = "<group>"; };
		498D39BE24B25D9400C18CCD /* SceneDelegate.m */ = {isa = PBXFileReference; lastKnownFileType = sourcecode.c.objc; path = SceneDelegate.m; sourceTree = "<group>"; };
		498D39C424B25D9400C18CCD /* Base */ = {isa = PBXFileReference; lastKnownFileType = file.storyboard; name = Base; path = Base.lproj/Main.storyboard; sourceTree = "<group>"; };
		498D39C624B25D9900C18CCD /* Assets.xcassets */ = {isa = PBXFileReference; lastKnownFileType = folder.assetcatalog; path = Assets.xcassets; sourceTree = "<group>"; };
		498D39C924B25D9900C18CCD /* Base */ = {isa = PBXFileReference; lastKnownFileType = file.storyboard; name = Base; path = Base.lproj/LaunchScreen.storyboard; sourceTree = "<group>"; };
		498D39CB24B25D9900C18CCD /* Info.plist */ = {isa = PBXFileReference; lastKnownFileType = text.plist.xml; path = Info.plist; sourceTree = "<group>"; };
		498D39CC24B25D9900C18CCD /* main.m */ = {isa = PBXFileReference; lastKnownFileType = sourcecode.c.objc; path = main.m; sourceTree = "<group>"; };
		97418FE1AAA9EE377C1C0E50 /* Pods-MeetFlix.release.xcconfig */ = {isa = PBXFileReference; includeInIndex = 1; lastKnownFileType = text.xcconfig; name = "Pods-MeetFlix.release.xcconfig"; path = "Target Support Files/Pods-MeetFlix/Pods-MeetFlix.release.xcconfig"; sourceTree = "<group>"; };
		CFE0E9BC55B0EFDB5BD692E8 /* Pods-MeetFlix.debug.xcconfig */ = {isa = PBXFileReference; includeInIndex = 1; lastKnownFileType = text.xcconfig; name = "Pods-MeetFlix.debug.xcconfig"; path = "Target Support Files/Pods-MeetFlix/Pods-MeetFlix.debug.xcconfig"; sourceTree = "<group>"; };
		D490ABE6F29BD4B9A65A043C /* Pods_MeetFlix.framework */ = {isa = PBXFileReference; explicitFileType = wrapper.framework; includeInIndex = 0; path = Pods_MeetFlix.framework; sourceTree = BUILT_PRODUCTS_DIR; };
/* End PBXFileReference section */

/* Begin PBXFrameworksBuildPhase section */
		498D39B424B25D9400C18CCD /* Frameworks */ = {
			isa = PBXFrameworksBuildPhase;
			buildActionMask = 2147483647;
			files = (
				510771DA8A9A447477E4D657 /* Pods_MeetFlix.framework in Frameworks */,
			);
			runOnlyForDeploymentPostprocessing = 0;
		};
/* End PBXFrameworksBuildPhase section */

/* Begin PBXGroup section */
		05EEE6EE6F2569DBBDE3E0E6 /* Pods */ = {
			isa = PBXGroup;
			children = (
				CFE0E9BC55B0EFDB5BD692E8 /* Pods-MeetFlix.debug.xcconfig */,
				97418FE1AAA9EE377C1C0E50 /* Pods-MeetFlix.release.xcconfig */,
			);
			path = Pods;
			sourceTree = "<group>";
		};
		4919195324B4EE99008B7E6F /* Classes */ = {
			isa = PBXGroup;
			children = (
				4919195424B4EF10008B7E6F /* Movie.h */,
				4919195524B4EF10008B7E6F /* Movie.m */,
				496C4EEB24C7B23F00570B2B /* NavigationHelper.h */,
				496C4EEC24C7B23F00570B2B /* NavigationHelper.m */,
			);
			path = Classes;
			sourceTree = "<group>";
		};
		4919195724B514B6008B7E6F /* Home */ = {
			isa = PBXGroup;
			children = (
				4919195E24B53985008B7E6F /* cell */,
				4919195824B51509008B7E6F /* HomeTableViewController.h */,
				4919195924B51509008B7E6F /* HomeTableViewController.m */,
				4919195B24B51549008B7E6F /* HomePresenter.h */,
				4919195C24B51549008B7E6F /* HomePresenter.m */,
			);
			path = Home;
			sourceTree = "<group>";
		};
		4919195E24B53985008B7E6F /* cell */ = {
			isa = PBXGroup;
			children = (
				4919195F24B539A1008B7E6F /* MovieCategoryTableViewCell.h */,
				4919196024B539A1008B7E6F /* MovieCategoryTableViewCell.m */,
				4919196224B54526008B7E6F /* MovieCollectionViewCell.h */,
				4919196324B54526008B7E6F /* MovieCollectionViewCell.m */,
			);
			path = cell;
			sourceTree = "<group>";
		};
		496C4EE724C787ED00570B2B /* Detail */ = {
			isa = PBXGroup;
			children = (
				496C4EE824C7881300570B2B /* DetailViewController.h */,
				496C4EE924C7881300570B2B /* DetailViewController.m */,
			);
			path = Detail;
			sourceTree = "<group>";
		};
		496C4EEE24C7D33500570B2B /* Commun */ = {
			isa = PBXGroup;
			children = (
				496C4EEF24C7D3A500570B2B /* Constants.h */,
				496C4EF024C7D3A500570B2B /* Constants.m */,
			);
			path = Commun;
			sourceTree = "<group>";
		};
		498D39AE24B25D9400C18CCD = {
			isa = PBXGroup;
			children = (
				498D39B924B25D9400C18CCD /* MeetFlix */,
				498D39B824B25D9400C18CCD /* Products */,
				05EEE6EE6F2569DBBDE3E0E6 /* Pods */,
				9B365735B446A242D5061C63 /* Frameworks */,
			);
			sourceTree = "<group>";
		};
		498D39B824B25D9400C18CCD /* Products */ = {
			isa = PBXGroup;
			children = (
				498D39B724B25D9400C18CCD /* MeetFlix.app */,
			);
			name = Products;
			sourceTree = "<group>";
		};
		498D39B924B25D9400C18CCD /* MeetFlix */ = {
			isa = PBXGroup;
			children = (
				496C4EEE24C7D33500570B2B /* Commun */,
				496C4EE724C787ED00570B2B /* Detail */,
				4919195324B4EE99008B7E6F /* Classes */,
				498D39D324B25DBC00C18CCD /* application */,
				4919195724B514B6008B7E6F /* Home */,
				498D39C324B25D9400C18CCD /* Main.storyboard */,
				498D39CC24B25D9900C18CCD /* main.m */,
			);
			path = MeetFlix;
			sourceTree = "<group>";
		};
		498D39D324B25DBC00C18CCD /* application */ = {
			isa = PBXGroup;
			children = (
				498D39BA24B25D9400C18CCD /* AppDelegate.h */,
				498D39BB24B25D9400C18CCD /* AppDelegate.m */,
				498D39BD24B25D9400C18CCD /* SceneDelegate.h */,
				498D39BE24B25D9400C18CCD /* SceneDelegate.m */,
				498D39C624B25D9900C18CCD /* Assets.xcassets */,
				498D39C824B25D9900C18CCD /* LaunchScreen.storyboard */,
				498D39CB24B25D9900C18CCD /* Info.plist */,
			);
			path = application;
			sourceTree = "<group>";
		};
		9B365735B446A242D5061C63 /* Frameworks */ = {
			isa = PBXGroup;
			children = (
				D490ABE6F29BD4B9A65A043C /* Pods_MeetFlix.framework */,
			);
			name = Frameworks;
			sourceTree = "<group>";
		};
/* End PBXGroup section */

/* Begin PBXNativeTarget section */
		498D39B624B25D9400C18CCD /* MeetFlix */ = {
			isa = PBXNativeTarget;
			buildConfigurationList = 498D39D024B25D9900C18CCD /* Build configuration list for PBXNativeTarget "MeetFlix" */;
			buildPhases = (
				40FEA7AFF9562DB37EB13992 /* [CP] Check Pods Manifest.lock */,
				498D39B324B25D9400C18CCD /* Sources */,
				498D39B424B25D9400C18CCD /* Frameworks */,
				498D39B524B25D9400C18CCD /* Resources */,
				14B96A2491B3A3B4B5963ECB /* [CP] Embed Pods Frameworks */,
			);
			buildRules = (
			);
			dependencies = (
			);
			name = MeetFlix;
			productName = MeetFlix;
			productReference = 498D39B724B25D9400C18CCD /* MeetFlix.app */;
			productType = "com.apple.product-type.application";
		};
/* End PBXNativeTarget section */

/* Begin PBXProject section */
		498D39AF24B25D9400C18CCD /* Project object */ = {
			isa = PBXProject;
			attributes = {
				LastUpgradeCheck = 1150;
				ORGANIZATIONNAME = "Fabio Lindemberg";
				TargetAttributes = {
					498D39B624B25D9400C18CCD = {
						CreatedOnToolsVersion = 11.5;
					};
				};
			};
			buildConfigurationList = 498D39B224B25D9400C18CCD /* Build configuration list for PBXProject "MeetFlix" */;
			compatibilityVersion = "Xcode 9.3";
			developmentRegion = en;
			hasScannedForEncodings = 0;
			knownRegions = (
				en,
				Base,
			);
			mainGroup = 498D39AE24B25D9400C18CCD;
			productRefGroup = 498D39B824B25D9400C18CCD /* Products */;
			projectDirPath = "";
			projectRoot = "";
			targets = (
				498D39B624B25D9400C18CCD /* MeetFlix */,
			);
		};
/* End PBXProject section */

/* Begin PBXResourcesBuildPhase section */
		498D39B524B25D9400C18CCD /* Resources */ = {
			isa = PBXResourcesBuildPhase;
			buildActionMask = 2147483647;
			files = (
				498D39CA24B25D9900C18CCD /* LaunchScreen.storyboard in Resources */,
				498D39C724B25D9900C18CCD /* Assets.xcassets in Resources */,
				498D39C524B25D9400C18CCD /* Main.storyboard in Resources */,
			);
			runOnlyForDeploymentPostprocessing = 0;
		};
/* End PBXResourcesBuildPhase section */

/* Begin PBXShellScriptBuildPhase section */
		14B96A2491B3A3B4B5963ECB /* [CP] Embed Pods Frameworks */ = {
			isa = PBXShellScriptBuildPhase;
			buildActionMask = 2147483647;
			files = (
			);
			inputFileListPaths = (
				"${PODS_ROOT}/Target Support Files/Pods-MeetFlix/Pods-MeetFlix-frameworks-${CONFIGURATION}-input-files.xcfilelist",
			);
			name = "[CP] Embed Pods Frameworks";
			outputFileListPaths = (
				"${PODS_ROOT}/Target Support Files/Pods-MeetFlix/Pods-MeetFlix-frameworks-${CONFIGURATION}-output-files.xcfilelist",
			);
			runOnlyForDeploymentPostprocessing = 0;
			shellPath = /bin/sh;
			shellScript = "\"${PODS_ROOT}/Target Support Files/Pods-MeetFlix/Pods-MeetFlix-frameworks.sh\"\n";
			showEnvVarsInLog = 0;
		};
		40FEA7AFF9562DB37EB13992 /* [CP] Check Pods Manifest.lock */ = {
			isa = PBXShellScriptBuildPhase;
			buildActionMask = 2147483647;
			files = (
			);
			inputFileListPaths = (
			);
			inputPaths = (
				"${PODS_PODFILE_DIR_PATH}/Podfile.lock",
				"${PODS_ROOT}/Manifest.lock",
			);
			name = "[CP] Check Pods Manifest.lock";
			outputFileListPaths = (
			);
			outputPaths = (
				"$(DERIVED_FILE_DIR)/Pods-MeetFlix-checkManifestLockResult.txt",
			);
			runOnlyForDeploymentPostprocessing = 0;
			shellPath = /bin/sh;
			shellScript = "diff \"${PODS_PODFILE_DIR_PATH}/Podfile.lock\" \"${PODS_ROOT}/Manifest.lock\" > /dev/null\nif [ $? != 0 ] ; then\n    # print error to STDERR\n    echo \"error: The sandbox is not in sync with the Podfile.lock. Run 'pod install' or update your CocoaPods installation.\" >&2\n    exit 1\nfi\n# This output is used by Xcode 'outputs' to avoid re-running this script phase.\necho \"SUCCESS\" > \"${SCRIPT_OUTPUT_FILE_0}\"\n";
			showEnvVarsInLog = 0;
		};
/* End PBXShellScriptBuildPhase section */

/* Begin PBXSourcesBuildPhase section */
		498D39B324B25D9400C18CCD /* Sources */ = {
			isa = PBXSourcesBuildPhase;
			buildActionMask = 2147483647;
			files = (
				496C4EF124C7D3A500570B2B /* Constants.m in Sources */,
				498D39BC24B25D9400C18CCD /* AppDelegate.m in Sources */,
				4919196124B539A1008B7E6F /* MovieCategoryTableViewCell.m in Sources */,
				496C4EEA24C7881300570B2B /* DetailViewController.m in Sources */,
				4919195D24B51549008B7E6F /* HomePresenter.m in Sources */,
				4919196424B54526008B7E6F /* MovieCollectionViewCell.m in Sources */,
				4919195A24B51509008B7E6F /* HomeTableViewController.m in Sources */,
				498D39CD24B25D9900C18CCD /* main.m in Sources */,
				4919195624B4EF10008B7E6F /* Movie.m in Sources */,
				498D39BF24B25D9400C18CCD /* SceneDelegate.m in Sources */,
				496C4EED24C7B23F00570B2B /* NavigationHelper.m in Sources */,
			);
			runOnlyForDeploymentPostprocessing = 0;
		};
/* End PBXSourcesBuildPhase section */

/* Begin PBXVariantGroup section */
		498D39C324B25D9400C18CCD /* Main.storyboard */ = {
			isa = PBXVariantGroup;
			children = (
				498D39C424B25D9400C18CCD /* Base */,
			);
			name = Main.storyboard;
			sourceTree = "<group>";
		};
		498D39C824B25D9900C18CCD /* LaunchScreen.storyboard */ = {
			isa = PBXVariantGroup;
			children = (
				498D39C924B25D9900C18CCD /* Base */,
			);
			name = LaunchScreen.storyboard;
			sourceTree = "<group>";
		};
/* End PBXVariantGroup section */

/* Begin XCBuildConfiguration section */
		498D39CE24B25D9900C18CCD /* Debug */ = {
			isa = XCBuildConfiguration;
			buildSettings = {
				ALWAYS_SEARCH_USER_PATHS = NO;
				CLANG_ANALYZER_NONNULL = YES;
				CLANG_ANALYZER_NUMBER_OBJECT_CONVERSION = YES_AGGRESSIVE;
				CLANG_CXX_LANGUAGE_STANDARD = "gnu++14";
				CLANG_CXX_LIBRARY = "libc++";
				CLANG_ENABLE_MODULES = YES;
				CLANG_ENABLE_OBJC_ARC = YES;
				CLANG_ENABLE_OBJC_WEAK = YES;
				CLANG_WARN_BLOCK_CAPTURE_AUTORELEASING = YES;
				CLANG_WARN_BOOL_CONVERSION = YES;
				CLANG_WARN_COMMA = YES;
				CLANG_WARN_CONSTANT_CONVERSION = YES;
				CLANG_WARN_DEPRECATED_OBJC_IMPLEMENTATIONS = YES;
				CLANG_WARN_DIRECT_OBJC_ISA_USAGE = YES_ERROR;
				CLANG_WARN_DOCUMENTATION_COMMENTS = YES;
				CLANG_WARN_EMPTY_BODY = YES;
				CLANG_WARN_ENUM_CONVERSION = YES;
				CLANG_WARN_INFINITE_RECURSION = YES;
				CLANG_WARN_INT_CONVERSION = YES;
				CLANG_WARN_NON_LITERAL_NULL_CONVERSION = YES;
				CLANG_WARN_OBJC_IMPLICIT_RETAIN_SELF = YES;
				CLANG_WARN_OBJC_LITERAL_CONVERSION = YES;
				CLANG_WARN_OBJC_ROOT_CLASS = YES_ERROR;
				CLANG_WARN_RANGE_LOOP_ANALYSIS = YES;
				CLANG_WARN_STRICT_PROTOTYPES = YES;
				CLANG_WARN_SUSPICIOUS_MOVE = YES;
				CLANG_WARN_UNGUARDED_AVAILABILITY = YES_AGGRESSIVE;
				CLANG_WARN_UNREACHABLE_CODE = YES;
				CLANG_WARN__DUPLICATE_METHOD_MATCH = YES;
				COPY_PHASE_STRIP = NO;
				DEBUG_INFORMATION_FORMAT = dwarf;
				ENABLE_STRICT_OBJC_MSGSEND = YES;
				ENABLE_TESTABILITY = YES;
				GCC_C_LANGUAGE_STANDARD = gnu11;
				GCC_DYNAMIC_NO_PIC = NO;
				GCC_NO_COMMON_BLOCKS = YES;
				GCC_OPTIMIZATION_LEVEL = 0;
				GCC_PREPROCESSOR_DEFINITIONS = (
					"DEBUG=1",
					"$(inherited)",
				);
				GCC_WARN_64_TO_32_BIT_CONVERSION = YES;
				GCC_WARN_ABOUT_RETURN_TYPE = YES_ERROR;
				GCC_WARN_UNDECLARED_SELECTOR = YES;
				GCC_WARN_UNINITIALIZED_AUTOS = YES_AGGRESSIVE;
				GCC_WARN_UNUSED_FUNCTION = YES;
				GCC_WARN_UNUSED_VARIABLE = YES;
				IPHONEOS_DEPLOYMENT_TARGET = 13.5;
				MTL_ENABLE_DEBUG_INFO = INCLUDE_SOURCE;
				MTL_FAST_MATH = YES;
				ONLY_ACTIVE_ARCH = YES;
				SDKROOT = iphoneos;
			};
			name = Debug;
		};
		498D39CF24B25D9900C18CCD /* Release */ = {
			isa = XCBuildConfiguration;
			buildSettings = {
				ALWAYS_SEARCH_USER_PATHS = NO;
				CLANG_ANALYZER_NONNULL = YES;
				CLANG_ANALYZER_NUMBER_OBJECT_CONVERSION = YES_AGGRESSIVE;
				CLANG_CXX_LANGUAGE_STANDARD = "gnu++14";
				CLANG_CXX_LIBRARY = "libc++";
				CLANG_ENABLE_MODULES = YES;
				CLANG_ENABLE_OBJC_ARC = YES;
				CLANG_ENABLE_OBJC_WEAK = YES;
				CLANG_WARN_BLOCK_CAPTURE_AUTORELEASING = YES;
				CLANG_WARN_BOOL_CONVERSION = YES;
				CLANG_WARN_COMMA = YES;
				CLANG_WARN_CONSTANT_CONVERSION = YES;
				CLANG_WARN_DEPRECATED_OBJC_IMPLEMENTATIONS = YES;
				CLANG_WARN_DIRECT_OBJC_ISA_USAGE = YES_ERROR;
				CLANG_WARN_DOCUMENTATION_COMMENTS = YES;
				CLANG_WARN_EMPTY_BODY = YES;
				CLANG_WARN_ENUM_CONVERSION = YES;
				CLANG_WARN_INFINITE_RECURSION = YES;
				CLANG_WARN_INT_CONVERSION = YES;
				CLANG_WARN_NON_LITERAL_NULL_CONVERSION = YES;
				CLANG_WARN_OBJC_IMPLICIT_RETAIN_SELF = YES;
				CLANG_WARN_OBJC_LITERAL_CONVERSION = YES;
				CLANG_WARN_OBJC_ROOT_CLASS = YES_ERROR;
				CLANG_WARN_RANGE_LOOP_ANALYSIS = YES;
				CLANG_WARN_STRICT_PROTOTYPES = YES;
				CLANG_WARN_SUSPICIOUS_MOVE = YES;
				CLANG_WARN_UNGUARDED_AVAILABILITY = YES_AGGRESSIVE;
				CLANG_WARN_UNREACHABLE_CODE = YES;
				CLANG_WARN__DUPLICATE_METHOD_MATCH = YES;
				COPY_PHASE_STRIP = NO;
				DEBUG_INFORMATION_FORMAT = "dwarf-with-dsym";
				ENABLE_NS_ASSERTIONS = NO;
				ENABLE_STRICT_OBJC_MSGSEND = YES;
				GCC_C_LANGUAGE_STANDARD = gnu11;
				GCC_NO_COMMON_BLOCKS = YES;
				GCC_WARN_64_TO_32_BIT_CONVERSION = YES;
				GCC_WARN_ABOUT_RETURN_TYPE = YES_ERROR;
				GCC_WARN_UNDECLARED_SELECTOR = YES;
				GCC_WARN_UNINITIALIZED_AUTOS = YES_AGGRESSIVE;
				GCC_WARN_UNUSED_FUNCTION = YES;
				GCC_WARN_UNUSED_VARIABLE = YES;
				IPHONEOS_DEPLOYMENT_TARGET = 13.5;
				MTL_ENABLE_DEBUG_INFO = NO;
				MTL_FAST_MATH = YES;
				SDKROOT = iphoneos;
				VALIDATE_PRODUCT = YES;
			};
			name = Release;
		};
		498D39D124B25D9900C18CCD /* Debug */ = {
			isa = XCBuildConfiguration;
			baseConfigurationReference = CFE0E9BC55B0EFDB5BD692E8 /* Pods-MeetFlix.debug.xcconfig */;
			buildSettings = {
				ASSETCATALOG_COMPILER_APPICON_NAME = AppIcon;
				CODE_SIGN_STYLE = Automatic;
				DEVELOPMENT_TEAM = 6PN6V35AZY;
				INFOPLIST_FILE = MeetFlix/application/Info.plist;
				LD_RUNPATH_SEARCH_PATHS = (
					"$(inherited)",
					"@executable_path/Frameworks",
				);
				PRODUCT_BUNDLE_IDENTIFIER = br.com.fazapp.MeetFlix;
				PRODUCT_NAME = "$(TARGET_NAME)";
				TARGETED_DEVICE_FAMILY = "1,2";
			};
			name = Debug;
		};
		498D39D224B25D9900C18CCD /* Release */ = {
			isa = XCBuildConfiguration;
			baseConfigurationReference = 97418FE1AAA9EE377C1C0E50 /* Pods-MeetFlix.release.xcconfig */;
			buildSettings = {
				ASSETCATALOG_COMPILER_APPICON_NAME = AppIcon;
				CODE_SIGN_STYLE = Automatic;
				DEVELOPMENT_TEAM = 6PN6V35AZY;
				INFOPLIST_FILE = MeetFlix/application/Info.plist;
				LD_RUNPATH_SEARCH_PATHS = (
					"$(inherited)",
					"@executable_path/Frameworks",
				);
				PRODUCT_BUNDLE_IDENTIFIER = br.com.fazapp.MeetFlix;
				PRODUCT_NAME = "$(TARGET_NAME)";
				TARGETED_DEVICE_FAMILY = "1,2";
			};
			name = Release;
		};
/* End XCBuildConfiguration section */

/* Begin XCConfigurationList section */
		498D39B224B25D9400C18CCD /* Build configuration list for PBXProject "MeetFlix" */ = {
			isa = XCConfigurationList;
			buildConfigurations = (
				498D39CE24B25D9900C18CCD /* Debug */,
				498D39CF24B25D9900C18CCD /* Release */,
			);
			defaultConfigurationIsVisible = 0;
			defaultConfigurationName = Release;
		};
		498D39D024B25D9900C18CCD /* Build configuration list for PBXNativeTarget "MeetFlix" */ = {
			isa = XCConfigurationList;
			buildConfigurations = (
				498D39D124B25D9900C18CCD /* Debug */,
				498D39D224B25D9900C18CCD /* Release */,
			);
			defaultConfigurationIsVisible = 0;
			defaultConfigurationName = Release;
		};
/* End XCConfigurationList section */
	};
	rootObject = 498D39AF24B25D9400C18CCD /* Project object */;
}
